// !$*UTF8*$!
{
	archiveVersion = 1;
	classes = {
	};
	objectVersion = 46;
	objects = {

/* Begin PBXBuildFile section */
		AD9AA2B71DFC8AE300D7CD4C /* main.cpp in Sources */ = {isa = PBXBuildFile; fileRef = AD9AA2B61DFC8AE300D7CD4C /* main.cpp */; };
		AD9AA2BE1DFC8FAE00D7CD4C /* UnsortedType.cpp in Sources */ = {isa = PBXBuildFile; fileRef = AD9AA2BD1DFC8FAE00D7CD4C /* UnsortedType.cpp */; };
/* End PBXBuildFile section */

/* Begin PBXCopyFilesBuildPhase section */
		AD9AA2B11DFC8AE300D7CD4C /* CopyFiles */ = {
			isa = PBXCopyFilesBuildPhase;
			buildActionMask = 2147483647;
			dstPath = /usr/share/man/man1/;
			dstSubfolderSpec = 0;
			files = (
			);
			runOnlyForDeploymentPostprocessing = 1;
		};
/* End PBXCopyFilesBuildPhase section */

/* Begin PBXFileReference section */
		AD9AA2B31DFC8AE300D7CD4C /* Array Based Lists */ = {isa = PBXFileReference; explicitFileType = "compiled.mach-o.executable"; includeInIndex = 0; path = "Array Based Lists"; sourceTree = BUILT_PRODUCTS_DIR; };
		AD9AA2B61DFC8AE300D7CD4C /* main.cpp */ = {isa = PBXFileReference; lastKnownFileType = sourcecode.cpp.cpp; path = main.cpp; sourceTree = "<group>"; };
		AD9AA2BD1DFC8FAE00D7CD4C /* UnsortedType.cpp */ = {isa = PBXFileReference; fileEncoding = 4; lastKnownFileType = sourcecode.cpp.cpp; path = UnsortedType.cpp; sourceTree = "<group>"; };
		AD9AA2BF1DFC8FCE00D7CD4C /* UnsortedType.h */ = {isa = PBXFileReference; lastKnownFileType = sourcecode.c.h; path = UnsortedType.h; sourceTree = "<group>"; };
/* End PBXFileReference section */

/* Begin PBXFrameworksBuildPhase section */
		AD9AA2B01DFC8AE300D7CD4C /* Frameworks */ = {
			isa = PBXFrameworksBuildPhase;
			buildActionMask = 2147483647;
			files = (
			);
			runOnlyForDeploymentPostprocessing = 0;
		};
/* End PBXFrameworksBuildPhase section */

/* Begin PBXGroup section */
		AD9AA2AA1DFC8AE300D7CD4C = {
			isa = PBXGroup;
			children = (
				AD9AA2B51DFC8AE300D7CD4C /* Array Based Lists */,
				AD9AA2B41DFC8AE300D7CD4C /* Products */,
			);
			sourceTree = "<group>";
		};
		AD9AA2B41DFC8AE300D7CD4C /* Products */ = {
			isa = PBXGroup;
			children = (
				AD9AA2B31DFC8AE300D7CD4C /* Array Based Lists */,
			);
			name = Products;
			sourceTree = "<group>";
		};
		AD9AA2B51DFC8AE300D7CD4C /* Array Based Lists */ = {
			isa = PBXGroup;
			children = (
				AD9AA2B61DFC8AE300D7CD4C /* main.cpp */,
				AD9AA2BD1DFC8FAE00D7CD4C /* UnsortedType.cpp */,
				AD9AA2BF1DFC8FCE00D7CD4C /* UnsortedType.h */,
			);
			path = "Array Based Lists";
			sourceTree = "<group>";
		};
/* End PBXGroup section */

/* Begin PBXNativeTarget section */
		AD9AA2B21DFC8AE300D7CD4C /* Array Based Lists */ = {
			isa = PBXNativeTarget;
			buildConfigurationList = AD9AA2BA1DFC8AE300D7CD4C /* Build configuration list for PBXNativeTarget "Array Based Lists" */;
			buildPhases = (
				AD9AA2AF1DFC8AE300D7CD4C /* Sources */,
				AD9AA2B01DFC8AE300D7CD4C /* Frameworks */,
				AD9AA2B11DFC8AE300D7CD4C /* CopyFiles */,
			);
			buildRules = (
			);
			dependencies = (
			);
			name = "Array Based Lists";
			productName = "Array Based Lists";
			productReference = AD9AA2B31DFC8AE300D7CD4C /* Array Based Lists */;
			productType = "com.apple.product-type.tool";
		};
/* End PBXNativeTarget section */

/* Begin PBXProject section */
		AD9AA2AB1DFC8AE300D7CD4C /* Project object */ = {
			isa = PBXProject;
			attributes = {
				LastUpgradeCheck = 0810;
				ORGANIZATIONNAME = "Raman Nakarmi";
				TargetAttributes = {
					AD9AA2B21DFC8AE300D7CD4C = {
						CreatedOnToolsVersion = 8.1;
						ProvisioningStyle = Automatic;
					};
				};
			};
			buildConfigurationList = AD9AA2AE1DFC8AE300D7CD4C /* Build configuration list for PBXProject "Array Based Lists" */;
			compatibilityVersion = "Xcode 3.2";
			developmentRegion = English;
			hasScannedForEncodings = 0;
			knownRegions = (
				en,
			);
			mainGroup = AD9AA2AA1DFC8AE300D7CD4C;
			productRefGroup = AD9AA2B41DFC8AE300D7CD4C /* Products */;
			projectDirPath = "";
			projectRoot = "";
			targets = (
				AD9AA2B21DFC8AE300D7CD4C /* Array Based Lists */,
			);
		};
/* End PBXProject section */

/* Begin PBXSourcesBuildPhase section */
		AD9AA2AF1DFC8AE300D7CD4C /* Sources */ = {
			isa = PBXSourcesBuildPhase;
			buildActionMask = 2147483647;
			files = (
				AD9AA2B71DFC8AE300D7CD4C /* main.cpp in Sources */,
				AD9AA2BE1DFC8FAE00D7CD4C /* UnsortedType.cpp in Sources */,
			);
			runOnlyForDeploymentPostprocessing = 0;
		};
/* End PBXSourcesBuildPhase section */

/* Begin XCBuildConfiguration section */
		AD9AA2B81DFC8AE300D7CD4C /* Debug */ = {
			isa = XCBuildConfiguration;
			buildSettings = {
				ALWAYS_SEARCH_USER_PATHS = NO;
				CLANG_ANALYZER_NONNULL = YES;
				CLANG_CXX_LANGUAGE_STANDARD = "gnu++0x";
				CLANG_CXX_LIBRARY = "libc++";
				CLANG_ENABLE_MODULES = YES;
				CLANG_ENABLE_OBJC_ARC = YES;
				CLANG_WARN_BOOL_CONVERSION = YES;
				CLANG_WARN_CONSTANT_CONVERSION = YES;
				CLANG_WARN_DIRECT_OBJC_ISA_USAGE = YES_ERROR;
				CLANG_WARN_DOCUMENTATION_COMMENTS = YES;
				CLANG_WARN_EMPTY_BODY = YES;
				CLANG_WARN_ENUM_CONVERSION = YES;
				CLANG_WARN_INFINITE_RECURSION = YES;
				CLANG_WARN_INT_CONVERSION = YES;
				CLANG_WARN_OBJC_ROOT_CLASS = YES_ERROR;
				CLANG_WARN_SUSPICIOUS_MOVES = YES;
				CLANG_WARN_UNREACHABLE_CODE = YES;
				CLANG_WARN__DUPLICATE_METHOD_MATCH = YES;
				CODE_SIGN_IDENTITY = "-";
				COPY_PHASE_STRIP = NO;
				DEBUG_INFORMATION_FORMAT = dwarf;
				ENABLE_STRICT_OBJC_MSGSEND = YES;
				ENABLE_TESTABILITY = YES;
				GCC_C_LANGUAGE_STANDARD = gnu99;
				GCC_DYNAMIC_NO_PIC = NO;
				GCC_NO_COMMON_BLOCKS = YES;
				GCC_OPTIMIZATION_LEVEL = 0;
				GCC_PREPROCESSOR_DEFINITIONS = (
					"DEBUG=1",
					"$(inherited)",
				);
				GCC_WARN_64_TO_32_BIT_CONVERSION = YES;
				GCC_WARN_ABOUT_RETURN_TYPE = YES_ERROR;
				GCC_WARN_UNDECLARED_SELECTOR = YES;
				GCC_WARN_UNINITIALIZED_AUTOS = YES_AGGRESSIVE;
				GCC_WARN_UNUSED_FUNCTION = YES;
				GCC_WARN_UNUSED_VARIABLE = YES;
				MACOSX_DEPLOYMENT_TARGET = 10.12;
				MTL_ENABLE_DEBUG_INFO = YES;
				ONLY_ACTIVE_ARCH = YES;
				SDKROOT = macosx;
			};
			name = Debug;
		};
		AD9AA2B91DFC8AE300D7CD4C /* Release */ = {
			isa = XCBuildConfiguration;
			buildSettings = {
				ALWAYS_SEARCH_USER_PATHS = NO;
				CLANG_ANALYZER_NONNULL = YES;
				CLANG_CXX_LANGUAGE_STANDARD = "gnu++0x";
				CLANG_CXX_LIBRARY = "libc++";
				CLANG_ENABLE_MODULES = YES;
				CLANG_ENABLE_OBJC_ARC = YES;
				CLANG_WARN_BOOL_CONVERSION = YES;
				CLANG_WARN_CONSTANT_CONVERSION = YES;
				CLANG_WARN_DIRECT_OBJC_ISA_USAGE = YES_ERROR;
				CLANG_WARN_DOCUMENTATION_COMMENTS = YES;
				CLANG_WARN_EMPTY_BODY = YES;
				CLANG_WARN_ENUM_CONVERSION = YES;
				CLANG_WARN_INFINITE_RECURSION = YES;
				CLANG_WARN_INT_CONVERSION = YES;
				CLANG_WARN_OBJC_ROOT_CLASS = YES_ERROR;
				CLANG_WARN_SUSPICIOUS_MOVES = YES;
				CLANG_WARN_UNREACHABLE_CODE = YES;
				CLANG_WARN__DUPLICATE_METHOD_MATCH = YES;
				CODE_SIGN_IDENTITY = "-";
				COPY_PHASE_STRIP = NO;
				DEBUG_INFORMATION_FORMAT = "dwarf-with-dsym";
				ENABLE_NS_ASSERTIONS = NO;
				ENABLE_STRICT_OBJC_MSGSEND = YES;
				GCC_C_LANGUAGE_STANDARD = gnu99;
				GCC_NO_COMMON_BLOCKS = YES;
				GCC_WARN_64_TO_32_BIT_CONVERSION = YES;
				GCC_WARN_ABOUT_RETURN_TYPE = YES_ERROR;
				GCC_WARN_UNDECLARED_SELECTOR = YES;
				GCC_WARN_UNINITIALIZED_AUTOS = YES_AGGRESSIVE;
				GCC_WARN_UNUSED_FUNCTION = YES;
				GCC_WARN_UNUSED_VARIABLE = YES;
				MACOSX_DEPLOYMENT_TARGET = 10.12;
				MTL_ENABLE_DEBUG_INFO = NO;
				SDKROOT = macosx;
			};
			name = Release;
		};
		AD9AA2BB1DFC8AE300D7CD4C /* Debug */ = {
			isa = XCBuildConfiguration;
			buildSettings = {
				PRODUCT_NAME = "$(TARGET_NAME)";
			};
			name = Debug;
		};
		AD9AA2BC1DFC8AE300D7CD4C /* Release */ = {
			isa = XCBuildConfiguration;
			buildSettings = {
				PRODUCT_NAME = "$(TARGET_NAME)";
			};
			name = Release;
		};
/* End XCBuildConfiguration section */

/* Begin XCConfigurationList section */
		AD9AA2AE1DFC8AE300D7CD4C /* Build configuration list for PBXProject "Array Based Lists" */ = {
			isa = XCConfigurationList;
			buildConfigurations = (
				AD9AA2B81DFC8AE300D7CD4C /* Debug */,
				AD9AA2B91DFC8AE300D7CD4C /* Release */,
			);
			defaultConfigurationIsVisible = 0;
			defaultConfigurationName = Release;
		};
		AD9AA2BA1DFC8AE300D7CD4C /* Build configuration list for PBXNativeTarget "Array Based Lists" */ = {
			isa = XCConfigurationList;
			buildConfigurations = (
				AD9AA2BB1DFC8AE300D7CD4C /* Debug */,
				AD9AA2BC1DFC8AE300D7CD4C /* Release */,
			);
			defaultConfigurationIsVisible = 0;
		};
/* End XCConfigurationList section */
	};
	rootObject = AD9AA2AB1DFC8AE300D7CD4C /* Project object */;
}
